
Microsoft Visual Studio Solution File, Format Version 12.00
# Visual Studio 14
VisualStudioVersion = 14.0.25420.1
MinimumVisualStudioVersion = 10.0.40219.1
Project("{FAE04EC0-301F-11D3-BF4B-00C04F79EFBC}") = "ServerScreenShot", "ServerScreenShot\ServerScreenShot.csproj", "{35B84CAD-85DA-4662-A371-768BDFDCE3ED}"
EndProject
Global
	GlobalSection(SolutionConfigurationPlatforms) = preSolution
		Debug|Any CPU = Debug|Any CPU
		Release|Any CPU = Release|Any CPU
	EndGlobalSection
	GlobalSection(ProjectConfigurationPlatforms) = postSolution
		{35B84CAD-85DA-4662-A371-768BDFDCE3ED}.Debug|Any CPU.ActiveCfg = Debug|Any CPU
		{35B84CAD-85DA-4662-A371-768BDFDCE3ED}.Debug|Any CPU.Build.0 = Debug|Any CPU
		{35B84CAD-85DA-4662-A371-768BDFDCE3ED}.Release|Any CPU.ActiveCfg = Release|Any CPU
		{35B84CAD-85DA-4662-A371-768BDFDCE3ED}.Release|Any CPU.Build.0 = Release|Any CPU
	EndGlobalSection
	GlobalSection(SolutionProperties) = preSolution
		HideSolutionNode = FALSE
	EndGlobalSection
EndGlobal
